
Microsoft Visual Studio Solution File, Format Version 12.00
# Visual Studio Version 17
VisualStudioVersion = 17.12.35707.178
MinimumVisualStudioVersion = 10.0.40219.1
Project("{FAE04EC0-301F-11D3-BF4B-00C04F79EFBC}") = "RRHH.API", "RRHH\RRHH.API.csproj", "{44B2B566-0811-4F5B-B12F-F4AC83542E6D}"
EndProject
Project("{FAE04EC0-301F-11D3-BF4B-00C04F79EFBC}") = "RRHH.Domain", "RRHH.Domain\RRHH.Domain.csproj", "{AB4BA252-4F0E-4736-889D-CB96F62F3B49}"
EndProject
Project("{FAE04EC0-301F-11D3-BF4B-00C04F79EFBC}") = "RRHH.Application", "RRHH.Application\RRHH.Application.csproj", "{9B1BC4B9-AA39-4819-A052-B4DFF850CE0B}"
EndProject
Project("{FAE04EC0-301F-11D3-BF4B-00C04F79EFBC}") = "RRHH.Infrastructure", "RRHH.Infrastructure\RRHH.Infrastructure.csproj", "{0D56D339-BCBE-400B-A8DD-9F8F81D894D4}"
EndProject
Project("{FAE04EC0-301F-11D3-BF4B-00C04F79EFBC}") = "RRHH.Services", "RRHH.Services\RRHH.Services.csproj", "{C62F7475-F963-47B7-B7A0-5282EEB6225A}"
EndProject
Project("{FAE04EC0-301F-11D3-BF4B-00C04F79EFBC}") = "RRHH.Tests", "RRHH.Tests\RRHH.Tests.csproj", "{1FA774C1-0420-46DC-9966-C5802D1D8040}"
EndProject
Global
	GlobalSection(SolutionConfigurationPlatforms) = preSolution
		Debug|Any CPU = Debug|Any CPU
		Debug|x64 = Debug|x64
		Debug|x86 = Debug|x86
		Release|Any CPU = Release|Any CPU
		Release|x64 = Release|x64
		Release|x86 = Release|x86
	EndGlobalSection
	GlobalSection(ProjectConfigurationPlatforms) = postSolution
		{44B2B566-0811-4F5B-B12F-F4AC83542E6D}.Debug|Any CPU.ActiveCfg = Debug|Any CPU
		{44B2B566-0811-4F5B-B12F-F4AC83542E6D}.Debug|Any CPU.Build.0 = Debug|Any CPU
		{44B2B566-0811-4F5B-B12F-F4AC83542E6D}.Debug|x64.ActiveCfg = Debug|Any CPU
		{44B2B566-0811-4F5B-B12F-F4AC83542E6D}.Debug|x64.Build.0 = Debug|Any CPU
		{44B2B566-0811-4F5B-B12F-F4AC83542E6D}.Debug|x86.ActiveCfg = Debug|Any CPU
		{44B2B566-0811-4F5B-B12F-F4AC83542E6D}.Debug|x86.Build.0 = Debug|Any CPU
		{44B2B566-0811-4F5B-B12F-F4AC83542E6D}.Release|Any CPU.ActiveCfg = Release|Any CPU
		{44B2B566-0811-4F5B-B12F-F4AC83542E6D}.Release|Any CPU.Build.0 = Release|Any CPU
		{44B2B566-0811-4F5B-B12F-F4AC83542E6D}.Release|x64.ActiveCfg = Release|Any CPU
		{44B2B566-0811-4F5B-B12F-F4AC83542E6D}.Release|x64.Build.0 = Release|Any CPU
		{44B2B566-0811-4F5B-B12F-F4AC83542E6D}.Release|x86.ActiveCfg = Release|Any CPU
		{44B2B566-0811-4F5B-B12F-F4AC83542E6D}.Release|x86.Build.0 = Release|Any CPU
		{AB4BA252-4F0E-4736-889D-CB96F62F3B49}.Debug|Any CPU.ActiveCfg = Debug|Any CPU
		{AB4BA252-4F0E-4736-889D-CB96F62F3B49}.Debug|Any CPU.Build.0 = Debug|Any CPU
		{AB4BA252-4F0E-4736-889D-CB96F62F3B49}.Debug|x64.ActiveCfg = Debug|Any CPU
		{AB4BA252-4F0E-4736-889D-CB96F62F3B49}.Debug|x64.Build.0 = Debug|Any CPU
		{AB4BA252-4F0E-4736-889D-CB96F62F3B49}.Debug|x86.ActiveCfg = Debug|Any CPU
		{AB4BA252-4F0E-4736-889D-CB96F62F3B49}.Debug|x86.Build.0 = Debug|Any CPU
		{AB4BA252-4F0E-4736-889D-CB96F62F3B49}.Release|Any CPU.ActiveCfg = Release|Any CPU
		{AB4BA252-4F0E-4736-889D-CB96F62F3B49}.Release|Any CPU.Build.0 = Release|Any CPU
		{AB4BA252-4F0E-4736-889D-CB96F62F3B49}.Release|x64.ActiveCfg = Release|Any CPU
		{AB4BA252-4F0E-4736-889D-CB96F62F3B49}.Release|x64.Build.0 = Release|Any CPU
		{AB4BA252-4F0E-4736-889D-CB96F62F3B49}.Release|x86.ActiveCfg = Release|Any CPU
		{AB4BA252-4F0E-4736-889D-CB96F62F3B49}.Release|x86.Build.0 = Release|Any CPU
		{9B1BC4B9-AA39-4819-A052-B4DFF850CE0B}.Debug|Any CPU.ActiveCfg = Debug|Any CPU
		{9B1BC4B9-AA39-4819-A052-B4DFF850CE0B}.Debug|Any CPU.Build.0 = Debug|Any CPU
		{9B1BC4B9-AA39-4819-A052-B4DFF850CE0B}.Debug|x64.ActiveCfg = Debug|Any CPU
		{9B1BC4B9-AA39-4819-A052-B4DFF850CE0B}.Debug|x64.Build.0 = Debug|Any CPU
		{9B1BC4B9-AA39-4819-A052-B4DFF850CE0B}.Debug|x86.ActiveCfg = Debug|Any CPU
		{9B1BC4B9-AA39-4819-A052-B4DFF850CE0B}.Debug|x86.Build.0 = Debug|Any CPU
		{9B1BC4B9-AA39-4819-A052-B4DFF850CE0B}.Release|Any CPU.ActiveCfg = Release|Any CPU
		{9B1BC4B9-AA39-4819-A052-B4DFF850CE0B}.Release|Any CPU.Build.0 = Release|Any CPU
		{9B1BC4B9-AA39-4819-A052-B4DFF850CE0B}.Release|x64.ActiveCfg = Release|Any CPU
		{9B1BC4B9-AA39-4819-A052-B4DFF850CE0B}.Release|x64.Build.0 = Release|Any CPU
		{9B1BC4B9-AA39-4819-A052-B4DFF850CE0B}.Release|x86.ActiveCfg = Release|Any CPU
		{9B1BC4B9-AA39-4819-A052-B4DFF850CE0B}.Release|x86.Build.0 = Release|Any CPU
		{0D56D339-BCBE-400B-A8DD-9F8F81D894D4}.Debug|Any CPU.ActiveCfg = Debug|Any CPU
		{0D56D339-BCBE-400B-A8DD-9F8F81D894D4}.Debug|Any CPU.Build.0 = Debug|Any CPU
		{0D56D339-BCBE-400B-A8DD-9F8F81D894D4}.Debug|x64.ActiveCfg = Debug|Any CPU
		{0D56D339-BCBE-400B-A8DD-9F8F81D894D4}.Debug|x64.Build.0 = Debug|Any CPU
		{0D56D339-BCBE-400B-A8DD-9F8F81D894D4}.Debug|x86.ActiveCfg = Debug|Any CPU
		{0D56D339-BCBE-400B-A8DD-9F8F81D894D4}.Debug|x86.Build.0 = Debug|Any CPU
		{0D56D339-BCBE-400B-A8DD-9F8F81D894D4}.Release|Any CPU.ActiveCfg = Release|Any CPU
		{0D56D339-BCBE-400B-A8DD-9F8F81D894D4}.Release|Any CPU.Build.0 = Release|Any CPU
		{0D56D339-BCBE-400B-A8DD-9F8F81D894D4}.Release|x64.ActiveCfg = Release|Any CPU
		{0D56D339-BCBE-400B-A8DD-9F8F81D894D4}.Release|x64.Build.0 = Release|Any CPU
		{0D56D339-BCBE-400B-A8DD-9F8F81D894D4}.Release|x86.ActiveCfg = Release|Any CPU
		{0D56D339-BCBE-400B-A8DD-9F8F81D894D4}.Release|x86.Build.0 = Release|Any CPU
		{C62F7475-F963-47B7-B7A0-5282EEB6225A}.Debug|Any CPU.ActiveCfg = Debug|Any CPU
		{C62F7475-F963-47B7-B7A0-5282EEB6225A}.Debug|Any CPU.Build.0 = Debug|Any CPU
		{C62F7475-F963-47B7-B7A0-5282EEB6225A}.Debug|x64.ActiveCfg = Debug|Any CPU
		{C62F7475-F963-47B7-B7A0-5282EEB6225A}.Debug|x64.Build.0 = Debug|Any CPU
		{C62F7475-F963-47B7-B7A0-5282EEB6225A}.Debug|x86.ActiveCfg = Debug|Any CPU
		{C62F7475-F963-47B7-B7A0-5282EEB6225A}.Debug|x86.Build.0 = Debug|Any CPU
		{C62F7475-F963-47B7-B7A0-5282EEB6225A}.Release|Any CPU.ActiveCfg = Release|Any CPU
		{C62F7475-F963-47B7-B7A0-5282EEB6225A}.Release|Any CPU.Build.0 = Release|Any CPU
		{C62F7475-F963-47B7-B7A0-5282EEB6225A}.Release|x64.ActiveCfg = Release|Any CPU
		{C62F7475-F963-47B7-B7A0-5282EEB6225A}.Release|x64.Build.0 = Release|Any CPU
		{C62F7475-F963-47B7-B7A0-5282EEB6225A}.Release|x86.ActiveCfg = Release|Any CPU
		{C62F7475-F963-47B7-B7A0-5282EEB6225A}.Release|x86.Build.0 = Release|Any CPU
		{1FA774C1-0420-46DC-9966-C5802D1D8040}.Debug|Any CPU.ActiveCfg = Debug|Any CPU
		{1FA774C1-0420-46DC-9966-C5802D1D8040}.Debug|Any CPU.Build.0 = Debug|Any CPU
		{1FA774C1-0420-46DC-9966-C5802D1D8040}.Debug|x64.ActiveCfg = Debug|Any CPU
		{1FA774C1-0420-46DC-9966-C5802D1D8040}.Debug|x64.Build.0 = Debug|Any CPU
		{1FA774C1-0420-46DC-9966-C5802D1D8040}.Debug|x86.ActiveCfg = Debug|Any CPU
		{1FA774C1-0420-46DC-9966-C5802D1D8040}.Debug|x86.Build.0 = Debug|Any CPU
		{1FA774C1-0420-46DC-9966-C5802D1D8040}.Release|Any CPU.ActiveCfg = Release|Any CPU
		{1FA774C1-0420-46DC-9966-C5802D1D8040}.Release|Any CPU.Build.0 = Release|Any CPU
		{1FA774C1-0420-46DC-9966-C5802D1D8040}.Release|x64.ActiveCfg = Release|Any CPU
		{1FA774C1-0420-46DC-9966-C5802D1D8040}.Release|x64.Build.0 = Release|Any CPU
		{1FA774C1-0420-46DC-9966-C5802D1D8040}.Release|x86.ActiveCfg = Release|Any CPU
		{1FA774C1-0420-46DC-9966-C5802D1D8040}.Release|x86.Build.0 = Release|Any CPU
	EndGlobalSection
	GlobalSection(SolutionProperties) = preSolution
		HideSolutionNode = FALSE
	EndGlobalSection
EndGlobal
